
Microsoft Visual Studio Solution File, Format Version 12.00
# Visual Studio Version 17
VisualStudioVersion = 17.14.36119.2 d17.14
MinimumVisualStudioVersion = 10.0.40219.1
Project("{FAE04EC0-301F-11D3-BF4B-00C04F79EFBC}") = "CriptoApp", "CriptoApp\CriptoApp.csproj", "{ACCA1C9C-3DCC-4E00-8A60-EAFE00CDF41B}"
EndProject
Global
	GlobalSection(SolutionConfigurationPlatforms) = preSolution
		Debug|Any CPU = Debug|Any CPU
		Release|Any CPU = Release|Any CPU
	EndGlobalSection
	GlobalSection(ProjectConfigurationPlatforms) = postSolution
		{ACCA1C9C-3DCC-4E00-8A60-EAFE00CDF41B}.Debug|Any CPU.ActiveCfg = Debug|Any CPU
		{ACCA1C9C-3DCC-4E00-8A60-EAFE00CDF41B}.Debug|Any CPU.Build.0 = Debug|Any CPU
		{ACCA1C9C-3DCC-4E00-8A60-EAFE00CDF41B}.Release|Any CPU.ActiveCfg = Release|Any CPU
		{ACCA1C9C-3DCC-4E00-8A60-EAFE00CDF41B}.Release|Any CPU.Build.0 = Release|Any CPU
	EndGlobalSection
	GlobalSection(SolutionProperties) = preSolution
		HideSolutionNode = FALSE
	EndGlobalSection
	GlobalSection(ExtensibilityGlobals) = postSolution
		SolutionGuid = {8A8562A7-E40F-442E-BD1C-24235DE9E0A4}
	EndGlobalSection
EndGlobal
